{
  "nodes": {
    "flake-compat": {
      "flake": false,
      "locked": {
        "lastModified": 1673956053,
        "narHash": "sha256-4gtG9iQuiKITOjNQQeQIpoIB6b16fm+504Ch3sNKLd8=",
        "owner": "edolstra",
        "repo": "flake-compat",
        "rev": "35bb57c0c8d8b62bbfd284272c928ceb64ddbde9",
        "type": "github"
      },
      "original": {
        "owner": "edolstra",
        "repo": "flake-compat",
        "type": "github"
      }
    },
    "flake-utils": {
      "locked": {
        "lastModified": 1667395993,
        "narHash": "sha256-nuEHfE/LcWyuSWnS8t12N1wc105Qtau+/OdUAjtQ0rA=",
        "owner": "numtide",
        "repo": "flake-utils",
        "rev": "5aed5285a952e0b949eb3ba02c12fa4fcfef535f",
        "type": "github"
      },
      "original": {
        "owner": "numtide",
        "repo": "flake-utils",
        "type": "github"
      }
    },
    "home-manager": {
      "inputs": {
        "nixpkgs": [
          "nixpkgs"
        ]
      },
      "locked": {
        "lastModified": 1681586243,
        "narHash": "sha256-vdP79IZuDZVNSl4RN1LgEuab1Tkbv4gCxiE8VLdRf7U=",
        "owner": "nix-community",
        "repo": "home-manager",
        "rev": "40ebb62101c83de81e5fd7c3cfe5cea2ed21b1ad",
        "type": "github"
      },
      "original": {
        "owner": "nix-community",
        "repo": "home-manager",
        "type": "github"
      }
    },
    "neovim-flake": {
      "inputs": {
        "flake-utils": "flake-utils",
        "nixpkgs": [
          "neovim-nightly",
          "nixpkgs"
        ]
      },
      "locked": {
        "dir": "contrib",
        "lastModified": 1681631972,
        "narHash": "sha256-zF+sWaQPJpoDyhWXvwJGR7VryYr9+qBCWMTNRjA3BhQ=",
        "owner": "neovim",
        "repo": "neovim",
        "rev": "0d9b0fbe579343fa6d6c46e6e1bf6bb8719ea5e0",
        "type": "github"
      },
      "original": {
        "dir": "contrib",
        "owner": "neovim",
        "repo": "neovim",
        "type": "github"
      }
    },
    "neovim-nightly": {
      "inputs": {
        "flake-compat": "flake-compat",
        "neovim-flake": "neovim-flake",
        "nixpkgs": "nixpkgs"
      },
      "locked": {
        "lastModified": 1681632748,
        "narHash": "sha256-c0CskvdpipnTn5TSjq6KqNkeKRPYCDMmVTdZL08HTJA=",
        "owner": "nix-community",
        "repo": "neovim-nightly-overlay",
        "rev": "0e3e0029aa6353ecb7304d4a683d8d6ee69379ef",
        "type": "github"
      },
      "original": {
        "owner": "nix-community",
        "repo": "neovim-nightly-overlay",
        "type": "github"
      }
    },
    "nixpkgs": {
      "locked": {
        "lastModified": 1681571934,
        "narHash": "sha256-Q3B3HTqhTahhPCT53ahK1FPktOXlEWmudSttd9CWGbE=",
        "owner": "nixos",
        "repo": "nixpkgs",
        "rev": "29176972b4be60f7d3eb3101f696c99f2e6ada57",
        "type": "github"
      },
      "original": {
        "owner": "nixos",
        "ref": "nixpkgs-unstable",
        "repo": "nixpkgs",
        "type": "github"
      }
    },
    "nixpkgs-stable": {
      "locked": {
        "lastModified": 1681613598,
        "narHash": "sha256-Ogkoma0ytYcDoMR2N7CZFABPo+i0NNo26dPngru9tPc=",
        "owner": "NixOS",
        "repo": "nixpkgs",
        "rev": "1040ce5f652b586da95dfd80d48a745e107b9eac",
        "type": "github"
      },
      "original": {
        "owner": "NixOS",
        "ref": "release-22.11",
        "repo": "nixpkgs",
        "type": "github"
      }
    },
    "nixpkgs_2": {
      "locked": {
        "lastModified": 1681557730,
        "narHash": "sha256-j2E3639kS3Qop2jQPyqWCdenZNaqIdxfoTvAHnGuAGI=",
        "owner": "nixos",
        "repo": "nixpkgs",
        "rev": "85b081528b937df4bfcaee80c3541b58f397df8b",
        "type": "github"
      },
      "original": {
        "owner": "nixos",
        "ref": "nixos-unstable",
        "repo": "nixpkgs",
        "type": "github"
      }
    },
    "root": {
      "inputs": {
        "home-manager": "home-manager",
        "neovim-nightly": "neovim-nightly",
        "nixpkgs": "nixpkgs_2",
        "sops-nix": "sops-nix"
      }
    },
    "sops-nix": {
      "inputs": {
        "nixpkgs": [
          "nixpkgs"
        ],
        "nixpkgs-stable": "nixpkgs-stable"
      },
      "locked": {
        "lastModified": 1681613729,
        "narHash": "sha256-9Qb0tHW8l1hgFkuB76n4VT9UNUaR7QL3CgmJ5hcVYEg=",
        "owner": "Mic92",
        "repo": "sops-nix",
        "rev": "b7a6670a28b01cd1f62879921e36be2c69c4137a",
        "type": "github"
      },
      "original": {
        "owner": "Mic92",
        "repo": "sops-nix",
        "type": "github"
      }
    }
  },
  "root": "root",
  "version": 7
}
